
Microsoft Visual Studio Solution File, Format Version 12.00
Project("{FAE04EC0-301F-11D3-BF4B-00C04F79EFBC}") = "Day2", "Day2\Day2.csproj", "{029E1B13-61F3-44E5-BDDE-560AB4789173}"
EndProject
Project("{FAE04EC0-301F-11D3-BF4B-00C04F79EFBC}") = "Day1", "Day1\Day1.csproj", "{E73B1DB2-E1AF-4F8D-A3DE-A68F95C3C940}"
EndProject
Project("{FAE04EC0-301F-11D3-BF4B-00C04F79EFBC}") = "Day3", "Day3\Day3.csproj", "{07C4B629-BAD1-49AF-9ECF-09EE8AF89A3E}"
EndProject
Project("{FAE04EC0-301F-11D3-BF4B-00C04F79EFBC}") = "Day4", "Day4\Day4.csproj", "{33249318-53F5-471A-AE65-DEEC20AA7445}"
EndProject
Project("{FAE04EC0-301F-11D3-BF4B-00C04F79EFBC}") = "Day5", "Day5\Day5.csproj", "{2FD8C999-5C48-4D96-B196-143713E04FD4}"
EndProject
Global
	GlobalSection(SolutionConfigurationPlatforms) = preSolution
		Debug|Any CPU = Debug|Any CPU
		Release|Any CPU = Release|Any CPU
	EndGlobalSection
	GlobalSection(ProjectConfigurationPlatforms) = postSolution
		{029E1B13-61F3-44E5-BDDE-560AB4789173}.Debug|Any CPU.ActiveCfg = Debug|Any CPU
		{029E1B13-61F3-44E5-BDDE-560AB4789173}.Debug|Any CPU.Build.0 = Debug|Any CPU
		{029E1B13-61F3-44E5-BDDE-560AB4789173}.Release|Any CPU.ActiveCfg = Release|Any CPU
		{029E1B13-61F3-44E5-BDDE-560AB4789173}.Release|Any CPU.Build.0 = Release|Any CPU
		{E73B1DB2-E1AF-4F8D-A3DE-A68F95C3C940}.Debug|Any CPU.ActiveCfg = Debug|Any CPU
		{E73B1DB2-E1AF-4F8D-A3DE-A68F95C3C940}.Debug|Any CPU.Build.0 = Debug|Any CPU
		{E73B1DB2-E1AF-4F8D-A3DE-A68F95C3C940}.Release|Any CPU.ActiveCfg = Release|Any CPU
		{E73B1DB2-E1AF-4F8D-A3DE-A68F95C3C940}.Release|Any CPU.Build.0 = Release|Any CPU
		{07C4B629-BAD1-49AF-9ECF-09EE8AF89A3E}.Debug|Any CPU.ActiveCfg = Debug|Any CPU
		{07C4B629-BAD1-49AF-9ECF-09EE8AF89A3E}.Debug|Any CPU.Build.0 = Debug|Any CPU
		{07C4B629-BAD1-49AF-9ECF-09EE8AF89A3E}.Release|Any CPU.ActiveCfg = Release|Any CPU
		{07C4B629-BAD1-49AF-9ECF-09EE8AF89A3E}.Release|Any CPU.Build.0 = Release|Any CPU
		{33249318-53F5-471A-AE65-DEEC20AA7445}.Debug|Any CPU.ActiveCfg = Debug|Any CPU
		{33249318-53F5-471A-AE65-DEEC20AA7445}.Debug|Any CPU.Build.0 = Debug|Any CPU
		{33249318-53F5-471A-AE65-DEEC20AA7445}.Release|Any CPU.ActiveCfg = Release|Any CPU
		{33249318-53F5-471A-AE65-DEEC20AA7445}.Release|Any CPU.Build.0 = Release|Any CPU
		{2FD8C999-5C48-4D96-B196-143713E04FD4}.Debug|Any CPU.ActiveCfg = Debug|Any CPU
		{2FD8C999-5C48-4D96-B196-143713E04FD4}.Debug|Any CPU.Build.0 = Debug|Any CPU
		{2FD8C999-5C48-4D96-B196-143713E04FD4}.Release|Any CPU.ActiveCfg = Release|Any CPU
		{2FD8C999-5C48-4D96-B196-143713E04FD4}.Release|Any CPU.Build.0 = Release|Any CPU
	EndGlobalSection
EndGlobal
